
Microsoft Visual Studio Solution File, Format Version 12.00
# Visual Studio Version 17
VisualStudioVersion = 17.0.31912.275
MinimumVisualStudioVersion = 10.0.40219.1
Project("{FAE04EC0-301F-11D3-BF4B-00C04F79EFBC}") = "GeziLog", "GeziLog\GeziLog.csproj", "{31AF8D29-5F84-4A09-9DE6-5F4BE4658623}"
EndProject
Global
	GlobalSection(SolutionConfigurationPlatforms) = preSolution
		Debug|Any CPU = Debug|Any CPU
		Release|Any CPU = Release|Any CPU
	EndGlobalSection
	GlobalSection(ProjectConfigurationPlatforms) = postSolution
		{31AF8D29-5F84-4A09-9DE6-5F4BE4658623}.Debug|Any CPU.ActiveCfg = Debug|Any CPU
		{31AF8D29-5F84-4A09-9DE6-5F4BE4658623}.Debug|Any CPU.Build.0 = Debug|Any CPU
		{31AF8D29-5F84-4A09-9DE6-5F4BE4658623}.Release|Any CPU.ActiveCfg = Release|Any CPU
		{31AF8D29-5F84-4A09-9DE6-5F4BE4658623}.Release|Any CPU.Build.0 = Release|Any CPU
	EndGlobalSection
	GlobalSection(SolutionProperties) = preSolution
		HideSolutionNode = FALSE
	EndGlobalSection
	GlobalSection(ExtensibilityGlobals) = postSolution
		SolutionGuid = {8C7885CE-484C-4A5E-9D13-08DF00F80BA4}
	EndGlobalSection
EndGlobal
